
Microsoft Visual Studio Solution File, Format Version 12.00
# Visual Studio Version 17
VisualStudioVersion = 17.3.32922.545
MinimumVisualStudioVersion = 10.0.40219.1
Project("{FAE04EC0-301F-11D3-BF4B-00C04F79EFBC}") = "Homework2b1", "Homework2b1\Homework2b1.csproj", "{76132FC3-BC64-414B-9FF6-ECDFF4721055}"
EndProject
Global
	GlobalSection(SolutionConfigurationPlatforms) = preSolution
		Debug|Any CPU = Debug|Any CPU
		Release|Any CPU = Release|Any CPU
	EndGlobalSection
	GlobalSection(ProjectConfigurationPlatforms) = postSolution
		{76132FC3-BC64-414B-9FF6-ECDFF4721055}.Debug|Any CPU.ActiveCfg = Debug|Any CPU
		{76132FC3-BC64-414B-9FF6-ECDFF4721055}.Debug|Any CPU.Build.0 = Debug|Any CPU
		{76132FC3-BC64-414B-9FF6-ECDFF4721055}.Release|Any CPU.ActiveCfg = Release|Any CPU
		{76132FC3-BC64-414B-9FF6-ECDFF4721055}.Release|Any CPU.Build.0 = Release|Any CPU
	EndGlobalSection
	GlobalSection(SolutionProperties) = preSolution
		HideSolutionNode = FALSE
	EndGlobalSection
	GlobalSection(ExtensibilityGlobals) = postSolution
		SolutionGuid = {7A035F64-E6F9-41A6-A345-1FE91D0CA652}
	EndGlobalSection
EndGlobal
